
Microsoft Visual Studio Solution File, Format Version 12.00
# Visual Studio Version 17
VisualStudioVersion = 17.5.002.0
MinimumVisualStudioVersion = 10.0.40219.1
Project("{9A19103F-16F7-4668-BE54-9A1E7A4F7556}") = "Checkout", "checkout\Checkout.csproj", "{F9368DE7-0607-4610-A536-96C6C591EC01}"
EndProject
Project("{9A19103F-16F7-4668-BE54-9A1E7A4F7556}") = "OrderProcessor", "order-processor\OrderProcessor.csproj", "{615A58C2-ECFA-422B-91DC-A675E80D3284}"
EndProject
Project("{FAE04EC0-301F-11D3-BF4B-00C04F79EFBC}") = "DaprAspirePubsub.AppHost", "DaprAspirePubsub.AppHost\DaprAspirePubsub.AppHost.csproj", "{236D7AB7-A10B-4DA3-BA51-59BE4DEE91A2}"
EndProject
Project("{9A19103F-16F7-4668-BE54-9A1E7A4F7556}") = "DaprAspirePubsub.ServiceDefaults", "DaprAspirePubsub.ServiceDefaults\DaprAspirePubsub.ServiceDefaults.csproj", "{BEF0354F-E4F2-4A01-93A1-D26D7D327C2C}"
EndProject
Global
	GlobalSection(SolutionConfigurationPlatforms) = preSolution
		Debug|Any CPU = Debug|Any CPU
		Release|Any CPU = Release|Any CPU
	EndGlobalSection
	GlobalSection(ProjectConfigurationPlatforms) = postSolution
		{F9368DE7-0607-4610-A536-96C6C591EC01}.Debug|Any CPU.ActiveCfg = Debug|Any CPU
		{F9368DE7-0607-4610-A536-96C6C591EC01}.Debug|Any CPU.Build.0 = Debug|Any CPU
		{F9368DE7-0607-4610-A536-96C6C591EC01}.Release|Any CPU.ActiveCfg = Release|Any CPU
		{F9368DE7-0607-4610-A536-96C6C591EC01}.Release|Any CPU.Build.0 = Release|Any CPU
		{615A58C2-ECFA-422B-91DC-A675E80D3284}.Debug|Any CPU.ActiveCfg = Debug|Any CPU
		{615A58C2-ECFA-422B-91DC-A675E80D3284}.Debug|Any CPU.Build.0 = Debug|Any CPU
		{615A58C2-ECFA-422B-91DC-A675E80D3284}.Release|Any CPU.ActiveCfg = Release|Any CPU
		{615A58C2-ECFA-422B-91DC-A675E80D3284}.Release|Any CPU.Build.0 = Release|Any CPU
		{236D7AB7-A10B-4DA3-BA51-59BE4DEE91A2}.Debug|Any CPU.ActiveCfg = Debug|Any CPU
		{236D7AB7-A10B-4DA3-BA51-59BE4DEE91A2}.Debug|Any CPU.Build.0 = Debug|Any CPU
		{236D7AB7-A10B-4DA3-BA51-59BE4DEE91A2}.Release|Any CPU.ActiveCfg = Release|Any CPU
		{236D7AB7-A10B-4DA3-BA51-59BE4DEE91A2}.Release|Any CPU.Build.0 = Release|Any CPU
		{BEF0354F-E4F2-4A01-93A1-D26D7D327C2C}.Debug|Any CPU.ActiveCfg = Debug|Any CPU
		{BEF0354F-E4F2-4A01-93A1-D26D7D327C2C}.Debug|Any CPU.Build.0 = Debug|Any CPU
		{BEF0354F-E4F2-4A01-93A1-D26D7D327C2C}.Release|Any CPU.ActiveCfg = Release|Any CPU
		{BEF0354F-E4F2-4A01-93A1-D26D7D327C2C}.Release|Any CPU.Build.0 = Release|Any CPU
	EndGlobalSection
	GlobalSection(SolutionProperties) = preSolution
		HideSolutionNode = FALSE
	EndGlobalSection
	GlobalSection(ExtensibilityGlobals) = postSolution
		SolutionGuid = {E85EC817-B2CF-4679-BB50-0DD1289EAE08}
	EndGlobalSection
EndGlobal
